[[package]]
name = "bitstruct"
version = "8.11.1"
description = "This module performs conversions between Python values and C bit field structs represented as Python byte strings."
category = "main"
optional = false
python-versions = "*"

[[package]]
name = "cbor2"
version = "5.3.0"
description = "Pure Python CBOR (de)serializer with extensive tag support"
category = "main"
optional = false
python-versions = ">=3.6"

[package.extras]
doc = ["sphinx-rtd-theme", "sphinx-autodoc-typehints (>=1.2.0)"]
test = ["pytest", "pytest-cov"]

[metadata]
lock-version = "1.1"
python-versions = "^3.8"
content-hash = "2a828885001197f7f6c62f3536275b0f18ce5a61ed58e97933cabe3090a1b8c7"

[metadata.files]
bitstruct = [
    {file = "bitstruct-8.11.1.tar.gz", hash = "sha256:4e7b8769c0f09fee403d0a5f637f8b575b191a79a92e140811aa109ce7461f0c"},
]
cbor2 = [
    {file = "cbor2-5.3.0-cp36-cp36m-macosx_10_14_x86_64.whl", hash = "sha256:ac54f26251e2e77bcd821b7799813891faf0ed6a9a8f337ac4943f046f39c3b4"},
    {file = "cbor2-5.3.0-cp36-cp36m-manylinux_2_17_x86_64.manylinux2014_x86_64.whl", hash = "sha256:034bb95b7c38a93568a55b9b2cb24219abe05fbc0fa97740fa9f5147c88a2e3a"},
    {file = "cbor2-5.3.0-cp36-cp36m-win_amd64.whl", hash = "sha256:f5df0ad8c16f7992bf24e5c9a53f03a11a990fd18253c3c335315bd25a34f832"},
    {file = "cbor2-5.3.0-cp37-cp37m-macosx_10_14_x86_64.whl", hash = "sha256:5114cb48593e2f33d70696545f3341925b31bb785e49e9ff032c1f7c9195d684"},
    {file = "cbor2-5.3.0-cp37-cp37m-manylinux_2_17_x86_64.manylinux2014_x86_64.whl", hash = "sha256:a573777f4c19e5236b77905b70ea7744f8e43df6a7cd479cf6c9a16beb02be69"},
    {file = "cbor2-5.3.0-cp37-cp37m-win_amd64.whl", hash = "sha256:371d5079ba80e6851fddd35a9c40c9aafbb71e10bb1a01e74d39bda89530227c"},
    {file = "cbor2-5.3.0-cp38-cp38-macosx_10_14_x86_64.whl", hash = "sha256:2963d6394de040a71f4c59e90ceaf7089734a2dd2d420131625315968da057c2"},
    {file = "cbor2-5.3.0-cp38-cp38-manylinux_2_17_x86_64.manylinux2014_x86_64.whl", hash = "sha256:149b91572289c88f04ec728f705642e8f2f52323ff54c402b7d1329a4c952288"},
    {file = "cbor2-5.3.0-cp38-cp38-win_amd64.whl", hash = "sha256:b37fe4a7976e82ae627ce01eae725458d1c46d1acaa8a15c12078a4ec3156bf2"},
    {file = "cbor2-5.3.0-cp39-cp39-macosx_10_14_x86_64.whl", hash = "sha256:101af13adb6e4e161d85a80b8b8f04860be8201155ddac5e77c56015821812c0"},
    {file = "cbor2-5.3.0-cp39-cp39-manylinux_2_17_x86_64.manylinux2014_x86_64.whl", hash = "sha256:6f8c53f55a037d7e4ff21f14b972a63654d89eff9148434a81f4e1875379a3b3"},
    {file = "cbor2-5.3.0-cp39-cp39-win_amd64.whl", hash = "sha256:f0058d33b5eaffb176d6190d175a5391f13362f165881deea2b99e63b66ecf55"},
    {file = "cbor2-5.3.0.tar.gz", hash = "sha256:462b3604d9579458a79e6ca350943c49aabbc98c794c111a79b98720b9164336"},
]
